// !$*UTF8*$!
{
	archiveVersion = 1;
	classes = {
	};
	objectVersion = 46;
	objects = {

/* Begin PBXBuildFile section */
		C753898A6CCE0098012970C1 /* libPods.a in Frameworks */ = {isa = PBXBuildFile; fileRef = D6579A2C2B50BD5043A87881 /* libPods.a */; };
		C853696F1C0BF201000A7B1D /* main.m in Sources */ = {isa = PBXBuildFile; fileRef = C853696E1C0BF201000A7B1D /* main.m */; };
		C85369721C0BF201000A7B1D /* AppDelegate.m in Sources */ = {isa = PBXBuildFile; fileRef = C85369711C0BF201000A7B1D /* AppDelegate.m */; };
		C85369751C0BF201000A7B1D /* ViewController.m in Sources */ = {isa = PBXBuildFile; fileRef = C85369741C0BF201000A7B1D /* ViewController.m */; };
		C85369781C0BF201000A7B1D /* Main.storyboard in Resources */ = {isa = PBXBuildFile; fileRef = C85369761C0BF201000A7B1D /* Main.storyboard */; };
		C853697A1C0BF201000A7B1D /* Assets.xcassets in Resources */ = {isa = PBXBuildFile; fileRef = C85369791C0BF201000A7B1D /* Assets.xcassets */; };
		C853697D1C0BF201000A7B1D /* LaunchScreen.storyboard in Resources */ = {isa = PBXBuildFile; fileRef = C853697B1C0BF201000A7B1D /* LaunchScreen.storyboard */; };
		C85369881C0BF201000A7B1D /* NHTextEditor_deomTests.m in Sources */ = {isa = PBXBuildFile; fileRef = C85369871C0BF201000A7B1D /* NHTextEditor_deomTests.m */; };
		C85369941C0BFDA0000A7B1D /* NHTextEditorController.m in Sources */ = {isa = PBXBuildFile; fileRef = C85369931C0BFDA0000A7B1D /* NHTextEditorController.m */; };
		C85369971C0BFFFC000A7B1D /* NHTextEditorToolBar.m in Sources */ = {isa = PBXBuildFile; fileRef = C85369961C0BFFFC000A7B1D /* NHTextEditorToolBar.m */; };
		C853699A1C0C0C11000A7B1D /* NHTextEditorManager.m in Sources */ = {isa = PBXBuildFile; fileRef = C85369991C0C0C11000A7B1D /* NHTextEditorManager.m */; };
		C853699D1C0C0DE1000A7B1D /* NHEditorControllerCell.m in Sources */ = {isa = PBXBuildFile; fileRef = C853699C1C0C0DE1000A7B1D /* NHEditorControllerCell.m */; };
		C85369A21C0C0F74000A7B1D /* NHAwesomeTextView.m in Sources */ = {isa = PBXBuildFile; fileRef = C853699F1C0C0F74000A7B1D /* NHAwesomeTextView.m */; };
		C85369A31C0C0F74000A7B1D /* NHInternalTextView.m in Sources */ = {isa = PBXBuildFile; fileRef = C85369A11C0C0F74000A7B1D /* NHInternalTextView.m */; };
		C85369A71C0C2DFA000A7B1D /* NHTextEditorToolBarCell.m in Sources */ = {isa = PBXBuildFile; fileRef = C85369A61C0C2DFA000A7B1D /* NHTextEditorToolBarCell.m */; };
		C85369AA1C0C2F08000A7B1D /* NHUIStyle.m in Sources */ = {isa = PBXBuildFile; fileRef = C85369A91C0C2F08000A7B1D /* NHUIStyle.m */; };
		C85369AF1C0C3B77000A7B1D /* DAKeyboardControl.m in Sources */ = {isa = PBXBuildFile; fileRef = C85369AE1C0C3B77000A7B1D /* DAKeyboardControl.m */; };
		C85369B91C0C5D1A000A7B1D /* NHSwissingUtils.m in Sources */ = {isa = PBXBuildFile; fileRef = C85369B81C0C5D1A000A7B1D /* NHSwissingUtils.m */; };
		C85369BF1C0C6099000A7B1D /* YYTextView+Swizzle.m in Sources */ = {isa = PBXBuildFile; fileRef = C85369BE1C0C6099000A7B1D /* YYTextView+Swizzle.m */; };
		FE22B5481C0D82EB00618A7E /* NHEditorTextView.m in Sources */ = {isa = PBXBuildFile; fileRef = FE22B5471C0D82EB00618A7E /* NHEditorTextView.m */; };
		FE22B54F1C0D910F00618A7E /* NHTextEditor.m in Sources */ = {isa = PBXBuildFile; fileRef = FE22B54E1C0D910F00618A7E /* NHTextEditor.m */; };
		FE22B5521C0D91E600618A7E /* NHTextEditorCell.m in Sources */ = {isa = PBXBuildFile; fileRef = FE22B5511C0D91E600618A7E /* NHTextEditorCell.m */; };
/* End PBXBuildFile section */

/* Begin PBXContainerItemProxy section */
		C85369841C0BF201000A7B1D /* PBXContainerItemProxy */ = {
			isa = PBXContainerItemProxy;
			containerPortal = C85369621C0BF201000A7B1D /* Project object */;
			proxyType = 1;
			remoteGlobalIDString = C85369691C0BF201000A7B1D;
			remoteInfo = "NHTextEditor-deom";
		};
/* End PBXContainerItemProxy section */

/* Begin PBXFileReference section */
		45D0E71F571E42C74CFEB470 /* Pods.release.xcconfig */ = {isa = PBXFileReference; includeInIndex = 1; lastKnownFileType = text.xcconfig; name = Pods.release.xcconfig; path = "Pods/Target Support Files/Pods/Pods.release.xcconfig"; sourceTree = "<group>"; };
		861B2B98162C4FC3D032B0F8 /* Pods.debug.xcconfig */ = {isa = PBXFileReference; includeInIndex = 1; lastKnownFileType = text.xcconfig; name = Pods.debug.xcconfig; path = "Pods/Target Support Files/Pods/Pods.debug.xcconfig"; sourceTree = "<group>"; };
		C853696A1C0BF201000A7B1D /* NHTextEditor-deom.app */ = {isa = PBXFileReference; explicitFileType = wrapper.application; includeInIndex = 0; path = "NHTextEditor-deom.app"; sourceTree = BUILT_PRODUCTS_DIR; };
		C853696E1C0BF201000A7B1D /* main.m */ = {isa = PBXFileReference; lastKnownFileType = sourcecode.c.objc; path = main.m; sourceTree = "<group>"; };
		C85369701C0BF201000A7B1D /* AppDelegate.h */ = {isa = PBXFileReference; lastKnownFileType = sourcecode.c.h; path = AppDelegate.h; sourceTree = "<group>"; };
		C85369711C0BF201000A7B1D /* AppDelegate.m */ = {isa = PBXFileReference; lastKnownFileType = sourcecode.c.objc; path = AppDelegate.m; sourceTree = "<group>"; };
		C85369731C0BF201000A7B1D /* ViewController.h */ = {isa = PBXFileReference; lastKnownFileType = sourcecode.c.h; path = ViewController.h; sourceTree = "<group>"; };
		C85369741C0BF201000A7B1D /* ViewController.m */ = {isa = PBXFileReference; lastKnownFileType = sourcecode.c.objc; path = ViewController.m; sourceTree = "<group>"; };
		C85369771C0BF201000A7B1D /* Base */ = {isa = PBXFileReference; lastKnownFileType = file.storyboard; name = Base; path = Base.lproj/Main.storyboard; sourceTree = "<group>"; };
		C85369791C0BF201000A7B1D /* Assets.xcassets */ = {isa = PBXFileReference; lastKnownFileType = folder.assetcatalog; path = Assets.xcassets; sourceTree = "<group>"; };
		C853697C1C0BF201000A7B1D /* Base */ = {isa = PBXFileReference; lastKnownFileType = file.storyboard; name = Base; path = Base.lproj/LaunchScreen.storyboard; sourceTree = "<group>"; };
		C853697E1C0BF201000A7B1D /* Info.plist */ = {isa = PBXFileReference; lastKnownFileType = text.plist.xml; path = Info.plist; sourceTree = "<group>"; };
		C85369831C0BF201000A7B1D /* NHTextEditor-deomTests.xctest */ = {isa = PBXFileReference; explicitFileType = wrapper.cfbundle; includeInIndex = 0; path = "NHTextEditor-deomTests.xctest"; sourceTree = BUILT_PRODUCTS_DIR; };
		C85369871C0BF201000A7B1D /* NHTextEditor_deomTests.m */ = {isa = PBXFileReference; lastKnownFileType = sourcecode.c.objc; path = NHTextEditor_deomTests.m; sourceTree = "<group>"; };
		C85369891C0BF201000A7B1D /* Info.plist */ = {isa = PBXFileReference; lastKnownFileType = text.plist.xml; path = Info.plist; sourceTree = "<group>"; };
		C85369921C0BFDA0000A7B1D /* NHTextEditorController.h */ = {isa = PBXFileReference; fileEncoding = 4; lastKnownFileType = sourcecode.c.h; path = NHTextEditorController.h; sourceTree = "<group>"; };
		C85369931C0BFDA0000A7B1D /* NHTextEditorController.m */ = {isa = PBXFileReference; fileEncoding = 4; lastKnownFileType = sourcecode.c.objc; path = NHTextEditorController.m; sourceTree = "<group>"; };
		C85369951C0BFFFC000A7B1D /* NHTextEditorToolBar.h */ = {isa = PBXFileReference; fileEncoding = 4; lastKnownFileType = sourcecode.c.h; path = NHTextEditorToolBar.h; sourceTree = "<group>"; };
		C85369961C0BFFFC000A7B1D /* NHTextEditorToolBar.m */ = {isa = PBXFileReference; fileEncoding = 4; lastKnownFileType = sourcecode.c.objc; path = NHTextEditorToolBar.m; sourceTree = "<group>"; };
		C85369981C0C0C11000A7B1D /* NHTextEditorManager.h */ = {isa = PBXFileReference; fileEncoding = 4; lastKnownFileType = sourcecode.c.h; path = NHTextEditorManager.h; sourceTree = "<group>"; };
		C85369991C0C0C11000A7B1D /* NHTextEditorManager.m */ = {isa = PBXFileReference; fileEncoding = 4; lastKnownFileType = sourcecode.c.objc; path = NHTextEditorManager.m; sourceTree = "<group>"; };
		C853699B1C0C0DE1000A7B1D /* NHEditorControllerCell.h */ = {isa = PBXFileReference; fileEncoding = 4; lastKnownFileType = sourcecode.c.h; path = NHEditorControllerCell.h; sourceTree = "<group>"; };
		C853699C1C0C0DE1000A7B1D /* NHEditorControllerCell.m */ = {isa = PBXFileReference; fileEncoding = 4; lastKnownFileType = sourcecode.c.objc; path = NHEditorControllerCell.m; sourceTree = "<group>"; };
		C853699E1C0C0F74000A7B1D /* NHAwesomeTextView.h */ = {isa = PBXFileReference; fileEncoding = 4; lastKnownFileType = sourcecode.c.h; path = NHAwesomeTextView.h; sourceTree = "<group>"; };
		C853699F1C0C0F74000A7B1D /* NHAwesomeTextView.m */ = {isa = PBXFileReference; fileEncoding = 4; lastKnownFileType = sourcecode.c.objc; path = NHAwesomeTextView.m; sourceTree = "<group>"; };
		C85369A01C0C0F74000A7B1D /* NHInternalTextView.h */ = {isa = PBXFileReference; fileEncoding = 4; lastKnownFileType = sourcecode.c.h; path = NHInternalTextView.h; sourceTree = "<group>"; };
		C85369A11C0C0F74000A7B1D /* NHInternalTextView.m */ = {isa = PBXFileReference; fileEncoding = 4; lastKnownFileType = sourcecode.c.objc; path = NHInternalTextView.m; sourceTree = "<group>"; };
		C85369A51C0C2DFA000A7B1D /* NHTextEditorToolBarCell.h */ = {isa = PBXFileReference; fileEncoding = 4; lastKnownFileType = sourcecode.c.h; path = NHTextEditorToolBarCell.h; sourceTree = "<group>"; };
		C85369A61C0C2DFA000A7B1D /* NHTextEditorToolBarCell.m */ = {isa = PBXFileReference; fileEncoding = 4; lastKnownFileType = sourcecode.c.objc; path = NHTextEditorToolBarCell.m; sourceTree = "<group>"; };
		C85369A81C0C2F08000A7B1D /* NHUIStyle.h */ = {isa = PBXFileReference; fileEncoding = 4; lastKnownFileType = sourcecode.c.h; path = NHUIStyle.h; sourceTree = "<group>"; };
		C85369A91C0C2F08000A7B1D /* NHUIStyle.m */ = {isa = PBXFileReference; fileEncoding = 4; lastKnownFileType = sourcecode.c.objc; path = NHUIStyle.m; sourceTree = "<group>"; };
		C85369AD1C0C3B77000A7B1D /* DAKeyboardControl.h */ = {isa = PBXFileReference; fileEncoding = 4; lastKnownFileType = sourcecode.c.h; path = DAKeyboardControl.h; sourceTree = "<group>"; };
		C85369AE1C0C3B77000A7B1D /* DAKeyboardControl.m */ = {isa = PBXFileReference; fileEncoding = 4; lastKnownFileType = sourcecode.c.objc; path = DAKeyboardControl.m; sourceTree = "<group>"; };
		C85369B01C0C3C42000A7B1D /* NHEditorHeader.h */ = {isa = PBXFileReference; lastKnownFileType = sourcecode.c.h; path = NHEditorHeader.h; sourceTree = "<group>"; };
		C85369B71C0C5D1A000A7B1D /* NHSwissingUtils.h */ = {isa = PBXFileReference; fileEncoding = 4; lastKnownFileType = sourcecode.c.h; path = NHSwissingUtils.h; sourceTree = "<group>"; };
		C85369B81C0C5D1A000A7B1D /* NHSwissingUtils.m */ = {isa = PBXFileReference; fileEncoding = 4; lastKnownFileType = sourcecode.c.objc; path = NHSwissingUtils.m; sourceTree = "<group>"; };
		C85369BD1C0C6099000A7B1D /* YYTextView+Swizzle.h */ = {isa = PBXFileReference; fileEncoding = 4; lastKnownFileType = sourcecode.c.h; path = "YYTextView+Swizzle.h"; sourceTree = "<group>"; };
		C85369BE1C0C6099000A7B1D /* YYTextView+Swizzle.m */ = {isa = PBXFileReference; fileEncoding = 4; lastKnownFileType = sourcecode.c.objc; path = "YYTextView+Swizzle.m"; sourceTree = "<group>"; };
		D6579A2C2B50BD5043A87881 /* libPods.a */ = {isa = PBXFileReference; explicitFileType = archive.ar; includeInIndex = 0; path = libPods.a; sourceTree = BUILT_PRODUCTS_DIR; };
		FE22B5461C0D82EB00618A7E /* NHEditorTextView.h */ = {isa = PBXFileReference; fileEncoding = 4; lastKnownFileType = sourcecode.c.h; path = NHEditorTextView.h; sourceTree = "<group>"; };
		FE22B5471C0D82EB00618A7E /* NHEditorTextView.m */ = {isa = PBXFileReference; fileEncoding = 4; lastKnownFileType = sourcecode.c.objc; path = NHEditorTextView.m; sourceTree = "<group>"; };
		FE22B54D1C0D910F00618A7E /* NHTextEditor.h */ = {isa = PBXFileReference; fileEncoding = 4; lastKnownFileType = sourcecode.c.h; path = NHTextEditor.h; sourceTree = "<group>"; };
		FE22B54E1C0D910F00618A7E /* NHTextEditor.m */ = {isa = PBXFileReference; fileEncoding = 4; lastKnownFileType = sourcecode.c.objc; path = NHTextEditor.m; sourceTree = "<group>"; };
		FE22B5501C0D91E600618A7E /* NHTextEditorCell.h */ = {isa = PBXFileReference; fileEncoding = 4; lastKnownFileType = sourcecode.c.h; path = NHTextEditorCell.h; sourceTree = "<group>"; };
		FE22B5511C0D91E600618A7E /* NHTextEditorCell.m */ = {isa = PBXFileReference; fileEncoding = 4; lastKnownFileType = sourcecode.c.objc; path = NHTextEditorCell.m; sourceTree = "<group>"; };
		FE22B5531C0D942100618A7E /* NHTextViewProtocol.h */ = {isa = PBXFileReference; fileEncoding = 4; lastKnownFileType = sourcecode.c.h; path = NHTextViewProtocol.h; sourceTree = "<group>"; };
		FE22B5551C0DA4FC00618A7E /* NHTextEditorHeader.h */ = {isa = PBXFileReference; fileEncoding = 4; lastKnownFileType = sourcecode.c.h; path = NHTextEditorHeader.h; sourceTree = "<group>"; };
/* End PBXFileReference section */

/* Begin PBXFrameworksBuildPhase section */
		C85369671C0BF201000A7B1D /* Frameworks */ = {
			isa = PBXFrameworksBuildPhase;
			buildActionMask = 2147483647;
			files = (
				C753898A6CCE0098012970C1 /* libPods.a in Frameworks */,
			);
			runOnlyForDeploymentPostprocessing = 0;
		};
		C85369801C0BF201000A7B1D /* Frameworks */ = {
			isa = PBXFrameworksBuildPhase;
			buildActionMask = 2147483647;
			files = (
			);
			runOnlyForDeploymentPostprocessing = 0;
		};
/* End PBXFrameworksBuildPhase section */

/* Begin PBXGroup section */
		508ACE3E944307C400882A52 /* Pods */ = {
			isa = PBXGroup;
			children = (
				861B2B98162C4FC3D032B0F8 /* Pods.debug.xcconfig */,
				45D0E71F571E42C74CFEB470 /* Pods.release.xcconfig */,
			);
			name = Pods;
			sourceTree = "<group>";
		};
		6D4616409B77412170F80830 /* Frameworks */ = {
			isa = PBXGroup;
			children = (
				D6579A2C2B50BD5043A87881 /* libPods.a */,
			);
			name = Frameworks;
			sourceTree = "<group>";
		};
		C85369611C0BF201000A7B1D = {
			isa = PBXGroup;
			children = (
				C853696C1C0BF201000A7B1D /* NHTextEditor-deom */,
				C85369861C0BF201000A7B1D /* NHTextEditor-deomTests */,
				C853696B1C0BF201000A7B1D /* Products */,
				508ACE3E944307C400882A52 /* Pods */,
				6D4616409B77412170F80830 /* Frameworks */,
			);
			sourceTree = "<group>";
		};
		C853696B1C0BF201000A7B1D /* Products */ = {
			isa = PBXGroup;
			children = (
				C853696A1C0BF201000A7B1D /* NHTextEditor-deom.app */,
				C85369831C0BF201000A7B1D /* NHTextEditor-deomTests.xctest */,
			);
			name = Products;
			sourceTree = "<group>";
		};
		C853696C1C0BF201000A7B1D /* NHTextEditor-deom */ = {
			isa = PBXGroup;
			children = (
				C85369701C0BF201000A7B1D /* AppDelegate.h */,
				C85369711C0BF201000A7B1D /* AppDelegate.m */,
				C85369731C0BF201000A7B1D /* ViewController.h */,
				C85369741C0BF201000A7B1D /* ViewController.m */,
				C85369BD1C0C6099000A7B1D /* YYTextView+Swizzle.h */,
				C85369BE1C0C6099000A7B1D /* YYTextView+Swizzle.m */,
				FE22B5531C0D942100618A7E /* NHTextViewProtocol.h */,
				FE22B54D1C0D910F00618A7E /* NHTextEditor.h */,
				FE22B5551C0DA4FC00618A7E /* NHTextEditorHeader.h */,
				FE22B54E1C0D910F00618A7E /* NHTextEditor.m */,
				FE22B5501C0D91E600618A7E /* NHTextEditorCell.h */,
				FE22B5511C0D91E600618A7E /* NHTextEditorCell.m */,
				FE22B5541C0DA42500618A7E /* NHTextEditorToolBar */,
				FE22B54C1C0D90E500618A7E /* CollectionVIew */,
				C85369AC1C0C3B77000A7B1D /* DAKeyboardControl */,
				C85369AB1C0C2F16000A7B1D /* NHUIStyle */,
				C85369A41C0C0F7B000A7B1D /* TextVeiw */,
				C85369761C0BF201000A7B1D /* Main.storyboard */,
				C85369791C0BF201000A7B1D /* Assets.xcassets */,
				C853697B1C0BF201000A7B1D /* LaunchScreen.storyboard */,
				C853697E1C0BF201000A7B1D /* Info.plist */,
				C853696D1C0BF201000A7B1D /* Supporting Files */,
			);
			path = "NHTextEditor-deom";
			sourceTree = "<group>";
		};
		C853696D1C0BF201000A7B1D /* Supporting Files */ = {
			isa = PBXGroup;
			children = (
				C853696E1C0BF201000A7B1D /* main.m */,
			);
			name = "Supporting Files";
			sourceTree = "<group>";
		};
		C85369861C0BF201000A7B1D /* NHTextEditor-deomTests */ = {
			isa = PBXGroup;
			children = (
				C85369871C0BF201000A7B1D /* NHTextEditor_deomTests.m */,
				C85369891C0BF201000A7B1D /* Info.plist */,
			);
			path = "NHTextEditor-deomTests";
			sourceTree = "<group>";
		};
		C85369A41C0C0F7B000A7B1D /* TextVeiw */ = {
			isa = PBXGroup;
			children = (
				C853699E1C0C0F74000A7B1D /* NHAwesomeTextView.h */,
				C853699F1C0C0F74000A7B1D /* NHAwesomeTextView.m */,
				C85369A01C0C0F74000A7B1D /* NHInternalTextView.h */,
				C85369A11C0C0F74000A7B1D /* NHInternalTextView.m */,
			);
			name = TextVeiw;
			sourceTree = "<group>";
		};
		C85369AB1C0C2F16000A7B1D /* NHUIStyle */ = {
			isa = PBXGroup;
			children = (
				C85369A81C0C2F08000A7B1D /* NHUIStyle.h */,
				C85369A91C0C2F08000A7B1D /* NHUIStyle.m */,
			);
			name = NHUIStyle;
			sourceTree = "<group>";
		};
		C85369AC1C0C3B77000A7B1D /* DAKeyboardControl */ = {
			isa = PBXGroup;
			children = (
				C85369AD1C0C3B77000A7B1D /* DAKeyboardControl.h */,
				C85369AE1C0C3B77000A7B1D /* DAKeyboardControl.m */,
			);
			path = DAKeyboardControl;
			sourceTree = "<group>";
		};
		FE22B54C1C0D90E500618A7E /* CollectionVIew */ = {
			isa = PBXGroup;
			children = (
				C85369921C0BFDA0000A7B1D /* NHTextEditorController.h */,
				C85369931C0BFDA0000A7B1D /* NHTextEditorController.m */,
				C85369B01C0C3C42000A7B1D /* NHEditorHeader.h */,
				C853699B1C0C0DE1000A7B1D /* NHEditorControllerCell.h */,
				C853699C1C0C0DE1000A7B1D /* NHEditorControllerCell.m */,
				C85369B71C0C5D1A000A7B1D /* NHSwissingUtils.h */,
				C85369B81C0C5D1A000A7B1D /* NHSwissingUtils.m */,
				FE22B5461C0D82EB00618A7E /* NHEditorTextView.h */,
				FE22B5471C0D82EB00618A7E /* NHEditorTextView.m */,
			);
			name = CollectionVIew;
			sourceTree = "<group>";
		};
		FE22B5541C0DA42500618A7E /* NHTextEditorToolBar */ = {
			isa = PBXGroup;
			children = (
				C85369951C0BFFFC000A7B1D /* NHTextEditorToolBar.h */,
				C85369961C0BFFFC000A7B1D /* NHTextEditorToolBar.m */,
				C85369A51C0C2DFA000A7B1D /* NHTextEditorToolBarCell.h */,
				C85369A61C0C2DFA000A7B1D /* NHTextEditorToolBarCell.m */,
				C85369981C0C0C11000A7B1D /* NHTextEditorManager.h */,
				C85369991C0C0C11000A7B1D /* NHTextEditorManager.m */,
			);
			name = NHTextEditorToolBar;
			sourceTree = "<group>";
		};
/* End PBXGroup section */

/* Begin PBXNativeTarget section */
		C85369691C0BF201000A7B1D /* NHTextEditor-deom */ = {
			isa = PBXNativeTarget;
			buildConfigurationList = C853698C1C0BF201000A7B1D /* Build configuration list for PBXNativeTarget "NHTextEditor-deom" */;
			buildPhases = (
				93B00C3785DBD6CE5E0980E0 /* Check Pods Manifest.lock */,
				C85369661C0BF201000A7B1D /* Sources */,
				C85369671C0BF201000A7B1D /* Frameworks */,
				C85369681C0BF201000A7B1D /* Resources */,
				33B82B55E40915DE9CCCA9C3 /* Embed Pods Frameworks */,
				919375931D9BFA271ADC399A /* Copy Pods Resources */,
			);
			buildRules = (
			);
			dependencies = (
			);
			name = "NHTextEditor-deom";
			productName = "NHTextEditor-deom";
			productReference = C853696A1C0BF201000A7B1D /* NHTextEditor-deom.app */;
			productType = "com.apple.product-type.application";
		};
		C85369821C0BF201000A7B1D /* NHTextEditor-deomTests */ = {
			isa = PBXNativeTarget;
			buildConfigurationList = C853698F1C0BF201000A7B1D /* Build configuration list for PBXNativeTarget "NHTextEditor-deomTests" */;
			buildPhases = (
				C853697F1C0BF201000A7B1D /* Sources */,
				C85369801C0BF201000A7B1D /* Frameworks */,
				C85369811C0BF201000A7B1D /* Resources */,
			);
			buildRules = (
			);
			dependencies = (
				C85369851C0BF201000A7B1D /* PBXTargetDependency */,
			);
			name = "NHTextEditor-deomTests";
			productName = "NHTextEditor-deomTests";
			productReference = C85369831C0BF201000A7B1D /* NHTextEditor-deomTests.xctest */;
			productType = "com.apple.product-type.bundle.unit-test";
		};
/* End PBXNativeTarget section */

/* Begin PBXProject section */
		C85369621C0BF201000A7B1D /* Project object */ = {
			isa = PBXProject;
			attributes = {
				LastUpgradeCheck = 0710;
				ORGANIZATIONNAME = "Wilson-Yuan";
				TargetAttributes = {
					C85369691C0BF201000A7B1D = {
						CreatedOnToolsVersion = 7.1.1;
					};
					C85369821C0BF201000A7B1D = {
						CreatedOnToolsVersion = 7.1.1;
						TestTargetID = C85369691C0BF201000A7B1D;
					};
				};
			};
			buildConfigurationList = C85369651C0BF201000A7B1D /* Build configuration list for PBXProject "NHTextEditor-deom" */;
			compatibilityVersion = "Xcode 3.2";
			developmentRegion = English;
			hasScannedForEncodings = 0;
			knownRegions = (
				en,
				Base,
			);
			mainGroup = C85369611C0BF201000A7B1D;
			productRefGroup = C853696B1C0BF201000A7B1D /* Products */;
			projectDirPath = "";
			projectRoot = "";
			targets = (
				C85369691C0BF201000A7B1D /* NHTextEditor-deom */,
				C85369821C0BF201000A7B1D /* NHTextEditor-deomTests */,
			);
		};
/* End PBXProject section */

/* Begin PBXResourcesBuildPhase section */
		C85369681C0BF201000A7B1D /* Resources */ = {
			isa = PBXResourcesBuildPhase;
			buildActionMask = 2147483647;
			files = (
				C853697D1C0BF201000A7B1D /* LaunchScreen.storyboard in Resources */,
				C853697A1C0BF201000A7B1D /* Assets.xcassets in Resources */,
				C85369781C0BF201000A7B1D /* Main.storyboard in Resources */,
			);
			runOnlyForDeploymentPostprocessing = 0;
		};
		C85369811C0BF201000A7B1D /* Resources */ = {
			isa = PBXResourcesBuildPhase;
			buildActionMask = 2147483647;
			files = (
			);
			runOnlyForDeploymentPostprocessing = 0;
		};
/* End PBXResourcesBuildPhase section */

/* Begin PBXShellScriptBuildPhase section */
		33B82B55E40915DE9CCCA9C3 /* Embed Pods Frameworks */ = {
			isa = PBXShellScriptBuildPhase;
			buildActionMask = 2147483647;
			files = (
			);
			inputPaths = (
			);
			name = "Embed Pods Frameworks";
			outputPaths = (
			);
			runOnlyForDeploymentPostprocessing = 0;
			shellPath = /bin/sh;
			shellScript = "\"${SRCROOT}/Pods/Target Support Files/Pods/Pods-frameworks.sh\"\n";
			showEnvVarsInLog = 0;
		};
		919375931D9BFA271ADC399A /* Copy Pods Resources */ = {
			isa = PBXShellScriptBuildPhase;
			buildActionMask = 2147483647;
			files = (
			);
			inputPaths = (
			);
			name = "Copy Pods Resources";
			outputPaths = (
			);
			runOnlyForDeploymentPostprocessing = 0;
			shellPath = /bin/sh;
			shellScript = "\"${SRCROOT}/Pods/Target Support Files/Pods/Pods-resources.sh\"\n";
			showEnvVarsInLog = 0;
		};
		93B00C3785DBD6CE5E0980E0 /* Check Pods Manifest.lock */ = {
			isa = PBXShellScriptBuildPhase;
			buildActionMask = 2147483647;
			files = (
			);
			inputPaths = (
			);
			name = "Check Pods Manifest.lock";
			outputPaths = (
			);
			runOnlyForDeploymentPostprocessing = 0;
			shellPath = /bin/sh;
			shellScript = "diff \"${PODS_ROOT}/../Podfile.lock\" \"${PODS_ROOT}/Manifest.lock\" > /dev/null\nif [[ $? != 0 ]] ; then\n    cat << EOM\nerror: The sandbox is not in sync with the Podfile.lock. Run 'pod install' or update your CocoaPods installation.\nEOM\n    exit 1\nfi\n";
			showEnvVarsInLog = 0;
		};
/* End PBXShellScriptBuildPhase section */

/* Begin PBXSourcesBuildPhase section */
		C85369661C0BF201000A7B1D /* Sources */ = {
			isa = PBXSourcesBuildPhase;
			buildActionMask = 2147483647;
			files = (
				C853699D1C0C0DE1000A7B1D /* NHEditorControllerCell.m in Sources */,
				C85369AF1C0C3B77000A7B1D /* DAKeyboardControl.m in Sources */,
				C85369AA1C0C2F08000A7B1D /* NHUIStyle.m in Sources */,
				C85369A31C0C0F74000A7B1D /* NHInternalTextView.m in Sources */,
				FE22B5481C0D82EB00618A7E /* NHEditorTextView.m in Sources */,
				FE22B5521C0D91E600618A7E /* NHTextEditorCell.m in Sources */,
				C85369751C0BF201000A7B1D /* ViewController.m in Sources */,
				C853699A1C0C0C11000A7B1D /* NHTextEditorManager.m in Sources */,
				C85369BF1C0C6099000A7B1D /* YYTextView+Swizzle.m in Sources */,
				C85369B91C0C5D1A000A7B1D /* NHSwissingUtils.m in Sources */,
				C85369941C0BFDA0000A7B1D /* NHTextEditorController.m in Sources */,
				C85369A71C0C2DFA000A7B1D /* NHTextEditorToolBarCell.m in Sources */,
				FE22B54F1C0D910F00618A7E /* NHTextEditor.m in Sources */,
				C85369971C0BFFFC000A7B1D /* NHTextEditorToolBar.m in Sources */,
				C85369A21C0C0F74000A7B1D /* NHAwesomeTextView.m in Sources */,
				C85369721C0BF201000A7B1D /* AppDelegate.m in Sources */,
				C853696F1C0BF201000A7B1D /* main.m in Sources */,
			);
			runOnlyForDeploymentPostprocessing = 0;
		};
		C853697F1C0BF201000A7B1D /* Sources */ = {
			isa = PBXSourcesBuildPhase;
			buildActionMask = 2147483647;
			files = (
				C85369881C0BF201000A7B1D /* NHTextEditor_deomTests.m in Sources */,
			);
			runOnlyForDeploymentPostprocessing = 0;
		};
/* End PBXSourcesBuildPhase section */

/* Begin PBXTargetDependency section */
		C85369851C0BF201000A7B1D /* PBXTargetDependency */ = {
			isa = PBXTargetDependency;
			target = C85369691C0BF201000A7B1D /* NHTextEditor-deom */;
			targetProxy = C85369841C0BF201000A7B1D /* PBXContainerItemProxy */;
		};
/* End PBXTargetDependency section */

/* Begin PBXVariantGroup section */
		C85369761C0BF201000A7B1D /* Main.storyboard */ = {
			isa = PBXVariantGroup;
			children = (
				C85369771C0BF201000A7B1D /* Base */,
			);
			name = Main.storyboard;
			sourceTree = "<group>";
		};
		C853697B1C0BF201000A7B1D /* LaunchScreen.storyboard */ = {
			isa = PBXVariantGroup;
			children = (
				C853697C1C0BF201000A7B1D /* Base */,
			);
			name = LaunchScreen.storyboard;
			sourceTree = "<group>";
		};
/* End PBXVariantGroup section */

/* Begin XCBuildConfiguration section */
		C853698A1C0BF201000A7B1D /* Debug */ = {
			isa = XCBuildConfiguration;
			buildSettings = {
				ALWAYS_SEARCH_USER_PATHS = NO;
				CLANG_CXX_LANGUAGE_STANDARD = "gnu++0x";
				CLANG_CXX_LIBRARY = "libc++";
				CLANG_ENABLE_MODULES = YES;
				CLANG_ENABLE_OBJC_ARC = YES;
				CLANG_WARN_BOOL_CONVERSION = YES;
				CLANG_WARN_CONSTANT_CONVERSION = YES;
				CLANG_WARN_DIRECT_OBJC_ISA_USAGE = YES_ERROR;
				CLANG_WARN_EMPTY_BODY = YES;
				CLANG_WARN_ENUM_CONVERSION = YES;
				CLANG_WARN_INT_CONVERSION = YES;
				CLANG_WARN_OBJC_ROOT_CLASS = YES_ERROR;
				CLANG_WARN_UNREACHABLE_CODE = YES;
				CLANG_WARN__DUPLICATE_METHOD_MATCH = YES;
				"CODE_SIGN_IDENTITY[sdk=iphoneos*]" = "iPhone Developer";
				COPY_PHASE_STRIP = NO;
				DEBUG_INFORMATION_FORMAT = dwarf;
				ENABLE_STRICT_OBJC_MSGSEND = YES;
				ENABLE_TESTABILITY = YES;
				GCC_C_LANGUAGE_STANDARD = gnu99;
				GCC_DYNAMIC_NO_PIC = NO;
				GCC_NO_COMMON_BLOCKS = YES;
				GCC_OPTIMIZATION_LEVEL = 0;
				GCC_PREPROCESSOR_DEFINITIONS = (
					"DEBUG=1",
					"$(inherited)",
				);
				GCC_WARN_64_TO_32_BIT_CONVERSION = YES;
				GCC_WARN_ABOUT_RETURN_TYPE = YES_ERROR;
				GCC_WARN_UNDECLARED_SELECTOR = YES;
				GCC_WARN_UNINITIALIZED_AUTOS = YES_AGGRESSIVE;
				GCC_WARN_UNUSED_FUNCTION = YES;
				GCC_WARN_UNUSED_VARIABLE = YES;
				IPHONEOS_DEPLOYMENT_TARGET = 9.1;
				MTL_ENABLE_DEBUG_INFO = YES;
				ONLY_ACTIVE_ARCH = YES;
				SDKROOT = iphoneos;
				TARGETED_DEVICE_FAMILY = "1,2";
			};
			name = Debug;
		};
		C853698B1C0BF201000A7B1D /* Release */ = {
			isa = XCBuildConfiguration;
			buildSettings = {
				ALWAYS_SEARCH_USER_PATHS = NO;
				CLANG_CXX_LANGUAGE_STANDARD = "gnu++0x";
				CLANG_CXX_LIBRARY = "libc++";
				CLANG_ENABLE_MODULES = YES;
				CLANG_ENABLE_OBJC_ARC = YES;
				CLANG_WARN_BOOL_CONVERSION = YES;
				CLANG_WARN_CONSTANT_CONVERSION = YES;
				CLANG_WARN_DIRECT_OBJC_ISA_USAGE = YES_ERROR;
				CLANG_WARN_EMPTY_BODY = YES;
				CLANG_WARN_ENUM_CONVERSION = YES;
				CLANG_WARN_INT_CONVERSION = YES;
				CLANG_WARN_OBJC_ROOT_CLASS = YES_ERROR;
				CLANG_WARN_UNREACHABLE_CODE = YES;
				CLANG_WARN__DUPLICATE_METHOD_MATCH = YES;
				"CODE_SIGN_IDENTITY[sdk=iphoneos*]" = "iPhone Developer";
				COPY_PHASE_STRIP = NO;
				DEBUG_INFORMATION_FORMAT = "dwarf-with-dsym";
				ENABLE_NS_ASSERTIONS = NO;
				ENABLE_STRICT_OBJC_MSGSEND = YES;
				GCC_C_LANGUAGE_STANDARD = gnu99;
				GCC_NO_COMMON_BLOCKS = YES;
				GCC_WARN_64_TO_32_BIT_CONVERSION = YES;
				GCC_WARN_ABOUT_RETURN_TYPE = YES_ERROR;
				GCC_WARN_UNDECLARED_SELECTOR = YES;
				GCC_WARN_UNINITIALIZED_AUTOS = YES_AGGRESSIVE;
				GCC_WARN_UNUSED_FUNCTION = YES;
				GCC_WARN_UNUSED_VARIABLE = YES;
				IPHONEOS_DEPLOYMENT_TARGET = 9.1;
				MTL_ENABLE_DEBUG_INFO = NO;
				SDKROOT = iphoneos;
				TARGETED_DEVICE_FAMILY = "1,2";
				VALIDATE_PRODUCT = YES;
			};
			name = Release;
		};
		C853698D1C0BF201000A7B1D /* Debug */ = {
			isa = XCBuildConfiguration;
			baseConfigurationReference = 861B2B98162C4FC3D032B0F8 /* Pods.debug.xcconfig */;
			buildSettings = {
				ASSETCATALOG_COMPILER_APPICON_NAME = AppIcon;
				CODE_SIGN_IDENTITY = "iPhone Developer";
				INFOPLIST_FILE = "NHTextEditor-deom/Info.plist";
				LD_RUNPATH_SEARCH_PATHS = "$(inherited) @executable_path/Frameworks";
				PRODUCT_BUNDLE_IDENTIFIER = "nihao.NHTextEditor-deom";
				PRODUCT_NAME = "$(TARGET_NAME)";
			};
			name = Debug;
		};
		C853698E1C0BF201000A7B1D /* Release */ = {
			isa = XCBuildConfiguration;
			baseConfigurationReference = 45D0E71F571E42C74CFEB470 /* Pods.release.xcconfig */;
			buildSettings = {
				ASSETCATALOG_COMPILER_APPICON_NAME = AppIcon;
				INFOPLIST_FILE = "NHTextEditor-deom/Info.plist";
				LD_RUNPATH_SEARCH_PATHS = "$(inherited) @executable_path/Frameworks";
				PRODUCT_BUNDLE_IDENTIFIER = "nihao.NHTextEditor-deom";
				PRODUCT_NAME = "$(TARGET_NAME)";
			};
			name = Release;
		};
		C85369901C0BF201000A7B1D /* Debug */ = {
			isa = XCBuildConfiguration;
			buildSettings = {
				BUNDLE_LOADER = "$(TEST_HOST)";
				INFOPLIST_FILE = "NHTextEditor-deomTests/Info.plist";
				LD_RUNPATH_SEARCH_PATHS = "$(inherited) @executable_path/Frameworks @loader_path/Frameworks";
				PRODUCT_BUNDLE_IDENTIFIER = "nihao.NHTextEditor-deomTests";
				PRODUCT_NAME = "$(TARGET_NAME)";
				TEST_HOST = "$(BUILT_PRODUCTS_DIR)/NHTextEditor-deom.app/NHTextEditor-deom";
			};
			name = Debug;
		};
		C85369911C0BF201000A7B1D /* Release */ = {
			isa = XCBuildConfiguration;
			buildSettings = {
				BUNDLE_LOADER = "$(TEST_HOST)";
				INFOPLIST_FILE = "NHTextEditor-deomTests/Info.plist";
				LD_RUNPATH_SEARCH_PATHS = "$(inherited) @executable_path/Frameworks @loader_path/Frameworks";
				PRODUCT_BUNDLE_IDENTIFIER = "nihao.NHTextEditor-deomTests";
				PRODUCT_NAME = "$(TARGET_NAME)";
				TEST_HOST = "$(BUILT_PRODUCTS_DIR)/NHTextEditor-deom.app/NHTextEditor-deom";
			};
			name = Release;
		};
/* End XCBuildConfiguration section */

/* Begin XCConfigurationList section */
		C85369651C0BF201000A7B1D /* Build configuration list for PBXProject "NHTextEditor-deom" */ = {
			isa = XCConfigurationList;
			buildConfigurations = (
				C853698A1C0BF201000A7B1D /* Debug */,
				C853698B1C0BF201000A7B1D /* Release */,
			);
			defaultConfigurationIsVisible = 0;
			defaultConfigurationName = Release;
		};
		C853698C1C0BF201000A7B1D /* Build configuration list for PBXNativeTarget "NHTextEditor-deom" */ = {
			isa = XCConfigurationList;
			buildConfigurations = (
				C853698D1C0BF201000A7B1D /* Debug */,
				C853698E1C0BF201000A7B1D /* Release */,
			);
			defaultConfigurationIsVisible = 0;
			defaultConfigurationName = Release;
		};
		C853698F1C0BF201000A7B1D /* Build configuration list for PBXNativeTarget "NHTextEditor-deomTests" */ = {
			isa = XCConfigurationList;
			buildConfigurations = (
				C85369901C0BF201000A7B1D /* Debug */,
				C85369911C0BF201000A7B1D /* Release */,
			);
			defaultConfigurationIsVisible = 0;
			defaultConfigurationName = Release;
		};
/* End XCConfigurationList section */
	};
	rootObject = C85369621C0BF201000A7B1D /* Project object */;
}
