PODS:
  - Masonry (0.6.3)
  - Reveal-iOS-SDK (1.6.2)
  - YYKit (0.9.4):
    - YYKit/no-arc (= 0.9.4)
  - YYKit/no-arc (0.9.4)

DEPENDENCIES:
  - Masonry
  - Reveal-iOS-SDK
  - YYKit

SPEC CHECKSUMS:
  Masonry: ff105a956abcd19a618b2028b121cb638d7a8e2f
  Reveal-iOS-SDK: e2250b3c155bcfac53ae223ddc1f76d08f206c33
  YYKit: 6d41531048acfe3921ec08337bb71e1a7d9343d9

COCOAPODS: 0.39.0
